<?xml version="1.0" encoding="utf-8"?>
<Project ToolsVersion="4.0" xmlns="http://schemas.microsoft.com/developer/msbuild/2003">
  <ItemGroup>
    <Filter Include="Header Files">
      <UniqueIdentifier>{93995380-89BD-4b04-88EB-625FBE52EBFB}</UniqueIdentifier>
      <Extensions>h;hpp;hxx;hm;inl;inc;xsd</Extensions>
    </Filter>
    <Filter Include="Resource Files">
      <UniqueIdentifier>{67DA6AB6-F800-4c08-8B7A-83BB121AAD01}</UniqueIdentifier>
      <Extensions>rc;ico;cur;bmp;dlg;rc2;rct;bin;rgs;gif;jpg;jpeg;jpe;resx;tiff;tif;png;wav;mfcribbon-ms</Extensions>
    </Filter>
    <Filter Include="GMock">
      <UniqueIdentifier>{c32c1670-a889-4bba-9705-094436e8f0cd}</UniqueIdentifier>
    </Filter>
    <Filter Include="GMock\inclulde">
      <UniqueIdentifier>{e34dd445-d51a-4557-a002-5ca10441c442}</UniqueIdentifier>
    </Filter>
    <Filter Include="TestCase">
      <UniqueIdentifier>{b8349f00-69c6-4c9d-a346-f3b3e8f5c756}</UniqueIdentifier>
    </Filter>
    <Filter Include="msic">
      <UniqueIdentifier>{3e719723-775f-4db3-bb7c-df868f85f702}</UniqueIdentifier>
    </Filter>
  </ItemGroup>
  <ItemGroup>
    <ClCompile Include="main.cpp">
      <Filter>Resource Files</Filter>
    </ClCompile>
    <ClCompile Include="googleMock\gmock-gtest-all.cc">
      <Filter>GMock</Filter>
    </ClCompile>
    <ClCompile Include="asioTestFile.cpp">
      <Filter>TestCase</Filter>
    </ClCompile>
    <ClCompile Include="stdafx.cpp">
      <Filter>msic</Filter>
    </ClCompile>
  </ItemGroup>
  <ItemGroup>
    <ClInclude Include="googleMock\gtest\gtest.h">
      <Filter>GMock\inclulde</Filter>
    </ClInclude>
    <ClInclude Include="googleMock\gmock\gmock.h">
      <Filter>GMock\inclulde</Filter>
    </ClInclude>
    <ClInclude Include="stdafx.h">
      <Filter>msic</Filter>
    </ClInclude>
  </ItemGroup>
</Project>