<?xml version="1.0" encoding="utf-8"?>
<Project ToolsVersion="4.0" xmlns="http://schemas.microsoft.com/developer/msbuild/2003">
  <ItemGroup>
    <ClCompile Include="misc.cpp" />
    <ClCompile Include="Index_CacheWave.cpp" />
  </ItemGroup>
  <ItemGroup>
    <Filter Include="config">
      <UniqueIdentifier>{e8bec4df-baf8-4c98-916e-5277b0778e5f}</UniqueIdentifier>
    </Filter>
  </ItemGroup>
  <ItemGroup>
    <Xml Include="Index_CacheWave.xml">
      <Filter>config</Filter>
    </Xml>
  </ItemGroup>
  <ItemGroup>
    <ClInclude Include="Index_CacheWave.h" />
  </ItemGroup>
</Project>