
Microsoft Visual Studio Solution File, Format Version 11.00
# Visual Studio 2010
Project("{8BC9CEB8-8B4A-11D0-8D11-00A0C91BC942}") = "MyToolBox", "MyToolBox\MyToolBox.vcxproj", "{0347CFA7-ECDC-46AD-9699-C352939A0C30}"
EndProject
Project("{8BC9CEB8-8B4A-11D0-8D11-00A0C91BC942}") = "MyToolBoxTestCase", "MyToolBoxTestCase\MyToolBoxTestCase.vcxproj", "{A0A6EBB0-68CD-47CF-842A-71ABD907BEE1}"
EndProject
Project("{8BC9CEB8-8B4A-11D0-8D11-00A0C91BC942}") = "DayTimeClient", "DayTimeClient\DayTimeClient.vcxproj", "{D8D79548-319E-405C-B047-6D350AEFED54}"
EndProject
Project("{8BC9CEB8-8B4A-11D0-8D11-00A0C91BC942}") = "DayTimeServer", "DayTimeServer\DayTimeServer.vcxproj", "{4EFB18BB-94E1-425F-836E-64E77AD950FD}"
EndProject
Project("{8BC9CEB8-8B4A-11D0-8D11-00A0C91BC942}") = "asyncDayTimeServer", "asyncDayTimeServer\asyncDayTimeServer.vcxproj", "{2097293D-B6EC-4333-A5CB-76B07C270B4D}"
EndProject
Project("{8BC9CEB8-8B4A-11D0-8D11-00A0C91BC942}") = "asyncDayTimeClient", "asyncDayTimeClient\asyncDayTimeClient.vcxproj", "{7F5CF831-0598-4BFE-A51D-E24018A68B8C}"
EndProject
Project("{8BC9CEB8-8B4A-11D0-8D11-00A0C91BC942}") = "FileTranscationSyncServer", "FileTranscationSyncServer\FileTranscationSyncServer.vcxproj", "{666EB9D2-0609-43BB-866E-9DBCB13FCBE1}"
EndProject
Project("{8BC9CEB8-8B4A-11D0-8D11-00A0C91BC942}") = "FileClient", "FileClient\FileClient.vcxproj", "{70B47DAA-9FEC-4C39-B8EE-AA74C683DEAE}"
EndProject
Project("{8BC9CEB8-8B4A-11D0-8D11-00A0C91BC942}") = "FStream_FileSystem", "FStream_FileSystem\FStream_FileSystem.vcxproj", "{B465937B-F469-4E34-94D6-F7B246E0581F}"
EndProject
Global
	GlobalSection(SolutionConfigurationPlatforms) = preSolution
		Debug|Win32 = Debug|Win32
		Release|Win32 = Release|Win32
	EndGlobalSection
	GlobalSection(ProjectConfigurationPlatforms) = postSolution
		{0347CFA7-ECDC-46AD-9699-C352939A0C30}.Debug|Win32.ActiveCfg = Debug|Win32
		{0347CFA7-ECDC-46AD-9699-C352939A0C30}.Debug|Win32.Build.0 = Debug|Win32
		{0347CFA7-ECDC-46AD-9699-C352939A0C30}.Release|Win32.ActiveCfg = Release|Win32
		{0347CFA7-ECDC-46AD-9699-C352939A0C30}.Release|Win32.Build.0 = Release|Win32
		{A0A6EBB0-68CD-47CF-842A-71ABD907BEE1}.Debug|Win32.ActiveCfg = Debug|Win32
		{A0A6EBB0-68CD-47CF-842A-71ABD907BEE1}.Debug|Win32.Build.0 = Debug|Win32
		{A0A6EBB0-68CD-47CF-842A-71ABD907BEE1}.Release|Win32.ActiveCfg = Release|Win32
		{A0A6EBB0-68CD-47CF-842A-71ABD907BEE1}.Release|Win32.Build.0 = Release|Win32
		{D8D79548-319E-405C-B047-6D350AEFED54}.Debug|Win32.ActiveCfg = Debug|Win32
		{D8D79548-319E-405C-B047-6D350AEFED54}.Debug|Win32.Build.0 = Debug|Win32
		{D8D79548-319E-405C-B047-6D350AEFED54}.Release|Win32.ActiveCfg = Release|Win32
		{D8D79548-319E-405C-B047-6D350AEFED54}.Release|Win32.Build.0 = Release|Win32
		{4EFB18BB-94E1-425F-836E-64E77AD950FD}.Debug|Win32.ActiveCfg = Debug|Win32
		{4EFB18BB-94E1-425F-836E-64E77AD950FD}.Debug|Win32.Build.0 = Debug|Win32
		{4EFB18BB-94E1-425F-836E-64E77AD950FD}.Release|Win32.ActiveCfg = Release|Win32
		{4EFB18BB-94E1-425F-836E-64E77AD950FD}.Release|Win32.Build.0 = Release|Win32
		{2097293D-B6EC-4333-A5CB-76B07C270B4D}.Debug|Win32.ActiveCfg = Debug|Win32
		{2097293D-B6EC-4333-A5CB-76B07C270B4D}.Debug|Win32.Build.0 = Debug|Win32
		{2097293D-B6EC-4333-A5CB-76B07C270B4D}.Release|Win32.ActiveCfg = Release|Win32
		{2097293D-B6EC-4333-A5CB-76B07C270B4D}.Release|Win32.Build.0 = Release|Win32
		{7F5CF831-0598-4BFE-A51D-E24018A68B8C}.Debug|Win32.ActiveCfg = Debug|Win32
		{7F5CF831-0598-4BFE-A51D-E24018A68B8C}.Debug|Win32.Build.0 = Debug|Win32
		{7F5CF831-0598-4BFE-A51D-E24018A68B8C}.Release|Win32.ActiveCfg = Release|Win32
		{7F5CF831-0598-4BFE-A51D-E24018A68B8C}.Release|Win32.Build.0 = Release|Win32
		{666EB9D2-0609-43BB-866E-9DBCB13FCBE1}.Debug|Win32.ActiveCfg = Debug|Win32
		{666EB9D2-0609-43BB-866E-9DBCB13FCBE1}.Debug|Win32.Build.0 = Debug|Win32
		{666EB9D2-0609-43BB-866E-9DBCB13FCBE1}.Release|Win32.ActiveCfg = Release|Win32
		{666EB9D2-0609-43BB-866E-9DBCB13FCBE1}.Release|Win32.Build.0 = Release|Win32
		{70B47DAA-9FEC-4C39-B8EE-AA74C683DEAE}.Debug|Win32.ActiveCfg = Debug|Win32
		{70B47DAA-9FEC-4C39-B8EE-AA74C683DEAE}.Debug|Win32.Build.0 = Debug|Win32
		{70B47DAA-9FEC-4C39-B8EE-AA74C683DEAE}.Release|Win32.ActiveCfg = Release|Win32
		{70B47DAA-9FEC-4C39-B8EE-AA74C683DEAE}.Release|Win32.Build.0 = Release|Win32
		{B465937B-F469-4E34-94D6-F7B246E0581F}.Debug|Win32.ActiveCfg = Debug|Win32
		{B465937B-F469-4E34-94D6-F7B246E0581F}.Debug|Win32.Build.0 = Debug|Win32
		{B465937B-F469-4E34-94D6-F7B246E0581F}.Release|Win32.ActiveCfg = Release|Win32
		{B465937B-F469-4E34-94D6-F7B246E0581F}.Release|Win32.Build.0 = Release|Win32
	EndGlobalSection
	GlobalSection(SolutionProperties) = preSolution
		HideSolutionNode = FALSE
	EndGlobalSection
EndGlobal
