<?xml version="1.0" encoding="utf-8"?>
<Project ToolsVersion="4.0" xmlns="http://schemas.microsoft.com/developer/msbuild/2003">
  <ItemGroup>
    <ClCompile Include="ConstVarDefine.cpp">
      <Filter>Interface\Struct</Filter>
    </ClCompile>
    <ClCompile Include="MarketCache.cpp">
      <Filter>MarketCache</Filter>
    </ClCompile>
    <ClCompile Include="MarketData.cpp">
      <Filter>Interface\Struct</Filter>
    </ClCompile>
    <ClCompile Include="IDriver_TD.cpp" />
    <ClCompile Include="MarketMapWarpper.cpp">
      <Filter>MarketCache</Filter>
    </ClCompile>
    <ClCompile Include="SingleDBWriter.cpp">
      <Filter>MarketCache</Filter>
    </ClCompile>
    <ClCompile Include="Order.cpp">
      <Filter>Interface\Struct</Filter>
    </ClCompile>
    <ClCompile Include="Trade.cpp">
      <Filter>Interface\Struct</Filter>
    </ClCompile>
    <ClCompile Include="ATLogger.cpp" />
  </ItemGroup>
  <ItemGroup>
    <ClInclude Include="ItemTable.h" />
    <ClInclude Include="IDriver_MD.h">
      <Filter>Interface</Filter>
    </ClInclude>
    <ClInclude Include="IDriver_TD.h">
      <Filter>Interface</Filter>
    </ClInclude>
    <ClInclude Include="IMarketSpi.h">
      <Filter>Interface</Filter>
    </ClInclude>
    <ClInclude Include="IStrategy.h">
      <Filter>Interface</Filter>
    </ClInclude>
    <ClInclude Include="ITradeSpi.h">
      <Filter>Interface</Filter>
    </ClInclude>
    <ClInclude Include="AT_API_HEAD.h">
      <Filter>Interface</Filter>
    </ClInclude>
    <ClInclude Include="IStrategySpi.h">
      <Filter>Interface</Filter>
    </ClInclude>
    <ClInclude Include="ISignalModule.h">
      <Filter>Interface</Filter>
    </ClInclude>
    <ClInclude Include="Trade.h">
      <Filter>Interface\Struct</Filter>
    </ClInclude>
    <ClInclude Include="Order.h">
      <Filter>Interface\Struct</Filter>
    </ClInclude>
    <ClInclude Include="MarketData.h">
      <Filter>Interface\Struct</Filter>
    </ClInclude>
    <ClInclude Include="AT_Param.h">
      <Filter>Interface\Struct</Filter>
    </ClInclude>
    <ClInclude Include="ConstVarDefine.h">
      <Filter>Interface\Struct</Filter>
    </ClInclude>
    <ClInclude Include="AT_Struct.h">
      <Filter>Interface\Struct</Filter>
    </ClInclude>
    <ClInclude Include="MarketCache.h">
      <Filter>MarketCache</Filter>
    </ClInclude>
    <ClInclude Include="IMarketCache.h">
      <Filter>MarketCache</Filter>
    </ClInclude>
    <ClInclude Include="MarketMapWarpper.h">
      <Filter>MarketCache</Filter>
    </ClInclude>
    <ClInclude Include="SingleDBWriter.h">
      <Filter>MarketCache</Filter>
    </ClInclude>
    <ClInclude Include="ATLogger.h" />
  </ItemGroup>
  <ItemGroup>
    <Filter Include="Interface">
      <UniqueIdentifier>{7f10da63-5773-4937-88c8-7a8a24a89dc5}</UniqueIdentifier>
    </Filter>
    <Filter Include="Interface\Struct">
      <UniqueIdentifier>{746e7bda-a8b6-4662-a7c1-08ba1c358b83}</UniqueIdentifier>
    </Filter>
    <Filter Include="MarketCache">
      <UniqueIdentifier>{dfc245cc-81a1-45e9-858f-9895270f46e2}</UniqueIdentifier>
    </Filter>
    <Filter Include="MarketCache\config">
      <UniqueIdentifier>{0e30e0ec-1d8f-4562-9bb8-af0c08c0d008}</UniqueIdentifier>
    </Filter>
  </ItemGroup>
  <ItemGroup>
    <Xml Include="MarketCache.xml">
      <Filter>MarketCache\config</Filter>
    </Xml>
  </ItemGroup>
</Project>