<?xml version="1.0" encoding="utf-8"?>
<Project ToolsVersion="4.0" xmlns="http://schemas.microsoft.com/developer/msbuild/2003">
  <ItemGroup>
    <ClInclude Include="StretegySignalLoader.h" />
  </ItemGroup>
  <ItemGroup>
    <ClCompile Include="StretegySignalLoader.cpp" />
    <ClCompile Include="misc.cpp" />
  </ItemGroup>
  <ItemGroup>
    <Filter Include="config">
      <UniqueIdentifier>{d0a179d2-2da4-4690-89c2-f1501eb85401}</UniqueIdentifier>
    </Filter>
  </ItemGroup>
  <ItemGroup>
    <Xml Include="SignalLoaderConfig.xml">
      <Filter>config</Filter>
    </Xml>
  </ItemGroup>
</Project>