<?xml version="1.0" encoding="utf-8"?>
<Project ToolsVersion="4.0" xmlns="http://schemas.microsoft.com/developer/msbuild/2003">
  <ItemGroup>
    <ClInclude Include="StretegySignalLoader.h" />
    <ClInclude Include="ISignalHandler.h">
      <Filter>interface</Filter>
    </ClInclude>
    <ClInclude Include="TradeSignal.h">
      <Filter>struct</Filter>
    </ClInclude>
    <ClInclude Include="ITradeSignalExecutor.h">
      <Filter>interface</Filter>
    </ClInclude>
    <ClInclude Include="ITradeAccount.h">
      <Filter>interface</Filter>
    </ClInclude>
    <ClInclude Include="TradeCommand.h">
      <Filter>struct</Filter>
    </ClInclude>
    <ClInclude Include="ITradeAccountObserver.h" />
    <ClInclude Include="ITradeSignalDispacher.h" />
    <ClInclude Include="ITradeSignalProducer.h">
      <Filter>interface</Filter>
    </ClInclude>
    <ClInclude Include="TradeSignalProducerDemo.h">
      <Filter>DemoClass</Filter>
    </ClInclude>
  </ItemGroup>
  <ItemGroup>
    <ClCompile Include="StretegySignalLoader.cpp" />
    <ClCompile Include="misc.cpp" />
    <ClCompile Include="TradeSignalProducerDemo.cpp">
      <Filter>DemoClass</Filter>
    </ClCompile>
  </ItemGroup>
  <ItemGroup>
    <Filter Include="config">
      <UniqueIdentifier>{d0a179d2-2da4-4690-89c2-f1501eb85401}</UniqueIdentifier>
    </Filter>
    <Filter Include="interface">
      <UniqueIdentifier>{eb207cd5-07ba-4dd7-87d1-7935ce4f12a2}</UniqueIdentifier>
    </Filter>
    <Filter Include="struct">
      <UniqueIdentifier>{70abf8ee-6470-4679-a864-dfbfb4c73d1e}</UniqueIdentifier>
    </Filter>
    <Filter Include="DemoClass">
      <UniqueIdentifier>{307c38b8-ea68-44d5-87ed-cec56d0237ab}</UniqueIdentifier>
    </Filter>
  </ItemGroup>
  <ItemGroup>
    <Xml Include="SignalLoaderConfig.xml">
      <Filter>config</Filter>
    </Xml>
  </ItemGroup>
</Project>