<?xml version="1.0" encoding="utf-8"?>
<Project ToolsVersion="4.0" xmlns="http://schemas.microsoft.com/developer/msbuild/2003">
  <ItemGroup>
    <Filter Include="config">
      <UniqueIdentifier>{9c8ce890-8ad6-4bb5-bc6d-a4dfdc6c68f4}</UniqueIdentifier>
    </Filter>
  </ItemGroup>
  <ItemGroup>
    <ClCompile Include="misc.cpp" />
    <ClCompile Include="SignalPrintHistory.cpp" />
  </ItemGroup>
  <ItemGroup>
    <Xml Include="SignalPrintHistoryConfig.xml">
      <Filter>config</Filter>
    </Xml>
  </ItemGroup>
  <ItemGroup>
    <ClInclude Include="SignalPrintHistory.h" />
  </ItemGroup>
</Project>