<?xml version="1.0" encoding="utf-8"?>
<Project ToolsVersion="4.0" xmlns="http://schemas.microsoft.com/developer/msbuild/2003">
  <ItemGroup>
    <ClCompile Include="CTP_MD_Replayer.cpp" />
    <ClCompile Include="misc.cpp">
      <Filter>misc</Filter>
    </ClCompile>
  </ItemGroup>
  <ItemGroup>
    <ClInclude Include="CTP_MD_Replayer.h" />
  </ItemGroup>
  <ItemGroup>
    <Filter Include="misc">
      <UniqueIdentifier>{7caddc53-2b8a-4e43-92b4-8bac3006fade}</UniqueIdentifier>
    </Filter>
  </ItemGroup>
  <ItemGroup>
    <Xml Include="MDDataReplayer.xml">
      <Filter>misc</Filter>
    </Xml>
  </ItemGroup>
</Project>