<?xml version="1.0" encoding="utf-8"?>
<Project ToolsVersion="4.0" xmlns="http://schemas.microsoft.com/developer/msbuild/2003">
  <ItemGroup>
    <ClCompile Include="main.cpp" />
    <ClCompile Include="IndexContainer.cpp">
      <Filter>Classes</Filter>
    </ClCompile>
    <ClCompile Include="TradeSignalProducerDemo1.cpp">
      <Filter>Classes</Filter>
    </ClCompile>
    <ClCompile Include="version1Container.cpp">
      <Filter>Classes</Filter>
    </ClCompile>
    <ClCompile Include="TradeSignalFliterDemo.cpp">
      <Filter>Classes</Filter>
    </ClCompile>
    <ClCompile Include="CloseExecutor_3Level.cpp">
      <Filter>Classes\Executor</Filter>
    </ClCompile>
    <ClCompile Include="OpenLimitExecutor.cpp">
      <Filter>Classes\Executor</Filter>
    </ClCompile>
    <ClCompile Include="TradeAccountContainer.cpp">
      <Filter>Classes\TradeAccount</Filter>
    </ClCompile>
    <ClCompile Include="TradeAccountDemo1.cpp">
      <Filter>Classes\TradeAccount</Filter>
    </ClCompile>
    <ClCompile Include="main_versionLoaderPoster.cpp" />
    <ClCompile Include="OpenFollowExecutor.cpp">
      <Filter>Classes\Executor</Filter>
    </ClCompile>
    <ClCompile Include="OpenMarketexecutor.cpp">
      <Filter>Classes\Executor</Filter>
    </ClCompile>
  </ItemGroup>
  <ItemGroup>
    <ClInclude Include="ITradeSignalFliter.h">
      <Filter>interface</Filter>
    </ClInclude>
    <ClInclude Include="ITradeSignalProducer.h">
      <Filter>interface</Filter>
    </ClInclude>
    <ClInclude Include="IndexContainer.h">
      <Filter>Classes</Filter>
    </ClInclude>
    <ClInclude Include="TradeSignalProducerDemo1.h">
      <Filter>Classes</Filter>
    </ClInclude>
    <ClInclude Include="TradeCommand.h">
      <Filter>Struct</Filter>
    </ClInclude>
    <ClInclude Include="TradeSignal.h">
      <Filter>Struct</Filter>
    </ClInclude>
    <ClInclude Include="version1Container.h">
      <Filter>Classes</Filter>
    </ClInclude>
    <ClInclude Include="ITradeAccount.h">
      <Filter>interface</Filter>
    </ClInclude>
    <ClInclude Include="ITradeAccountObserver.h">
      <Filter>interface</Filter>
    </ClInclude>
    <ClInclude Include="TradeSignalFliterDemo.h">
      <Filter>Classes</Filter>
    </ClInclude>
    <ClInclude Include="CloseExecutor_3Level.h">
      <Filter>Classes\Executor</Filter>
    </ClInclude>
    <ClInclude Include="OpenLimitExecutor.h">
      <Filter>Classes\Executor</Filter>
    </ClInclude>
    <ClInclude Include="ITradeSignalExecutor.h">
      <Filter>Classes\Executor</Filter>
    </ClInclude>
    <ClInclude Include="TradeAccountContainer.h">
      <Filter>Classes\TradeAccount</Filter>
    </ClInclude>
    <ClInclude Include="TradeAccountDemo1.h">
      <Filter>Classes\TradeAccount</Filter>
    </ClInclude>
    <ClInclude Include="main_versionLoaderPoster.h" />
    <ClInclude Include="OpenFollowExecutor.h">
      <Filter>Classes\Executor</Filter>
    </ClInclude>
    <ClInclude Include="OpenMarketexecutor.h">
      <Filter>Classes\Executor</Filter>
    </ClInclude>
  </ItemGroup>
  <ItemGroup>
    <Filter Include="Classes">
      <UniqueIdentifier>{5d54a631-cd55-4eb9-bcb4-478d3935bed0}</UniqueIdentifier>
    </Filter>
    <Filter Include="Struct">
      <UniqueIdentifier>{dad661e9-65a6-44c6-af9b-50b79b1ede67}</UniqueIdentifier>
    </Filter>
    <Filter Include="interface">
      <UniqueIdentifier>{48061f78-cacb-4ee2-91e1-a72903d3cc74}</UniqueIdentifier>
    </Filter>
    <Filter Include="Classes\Executor">
      <UniqueIdentifier>{f096a966-8fc3-4510-8a8c-7182237d60f2}</UniqueIdentifier>
    </Filter>
    <Filter Include="Classes\TradeAccount">
      <UniqueIdentifier>{0044f8ad-4e85-48e1-80b0-4b9a69e8ad42}</UniqueIdentifier>
    </Filter>
  </ItemGroup>
  <ItemGroup>
    <Xml Include="SignalFliter.xml" />
    <Xml Include="SignalLoaderConfig.xml" />
    <Xml Include="AccountFile1.xml" />
    <Xml Include="AccountFile2.xml" />
    <Xml Include="StretegyConfig.xml" />
    <Xml Include="SignalConfig.xml" />
    <Xml Include="OpenExecutorConfig.xml" />
    <Xml Include="CloseExecutorConfig.xml" />
    <Xml Include="ExchangeRuleConfig.xml" />
    <Xml Include="AccountFile.xml" />
    <Xml Include="HKY001.xml" />
    <Xml Include="HKY002.xml" />
    <Xml Include="HKY003.xml" />
  </ItemGroup>
</Project>