<?xml version="1.0" encoding="utf-8"?>
<Project ToolsVersion="4.0" xmlns="http://schemas.microsoft.com/developer/msbuild/2003">
  <ItemGroup>
    <ClCompile Include="main.cpp" />
    <ClCompile Include="IndexContainer.cpp">
      <Filter>Classes</Filter>
    </ClCompile>
    <ClCompile Include="TradeSignalProducerDemo1.cpp">
      <Filter>Classes</Filter>
    </ClCompile>
    <ClCompile Include="version1Container.cpp">
      <Filter>Classes</Filter>
    </ClCompile>
    <ClCompile Include="TradeSignalFliterDemo.cpp" />
  </ItemGroup>
  <ItemGroup>
    <ClInclude Include="ISignalHandler.h">
      <Filter>interface</Filter>
    </ClInclude>
    <ClInclude Include="ITradeAccount.h">
      <Filter>interface</Filter>
    </ClInclude>
    <ClInclude Include="ITradeAccountObserver.h">
      <Filter>interface</Filter>
    </ClInclude>
    <ClInclude Include="ITradeSignalDispacher.h">
      <Filter>interface</Filter>
    </ClInclude>
    <ClInclude Include="ITradeSignalExecutor.h">
      <Filter>interface</Filter>
    </ClInclude>
    <ClInclude Include="ITradeSignalFliter.h">
      <Filter>interface</Filter>
    </ClInclude>
    <ClInclude Include="ITradeSignalProducer.h">
      <Filter>interface</Filter>
    </ClInclude>
    <ClInclude Include="IndexContainer.h">
      <Filter>Classes</Filter>
    </ClInclude>
    <ClInclude Include="TradeSignalProducerDemo1.h">
      <Filter>Classes</Filter>
    </ClInclude>
    <ClInclude Include="TradeCommand.h">
      <Filter>Struct</Filter>
    </ClInclude>
    <ClInclude Include="TradeSignal.h">
      <Filter>Struct</Filter>
    </ClInclude>
    <ClInclude Include="version1Container.h">
      <Filter>Classes</Filter>
    </ClInclude>
    <ClInclude Include="TradeSignalFliterDemo.h" />
  </ItemGroup>
  <ItemGroup>
    <Filter Include="interface">
      <UniqueIdentifier>{48061f78-cacb-4ee2-91e1-a72903d3cc74}</UniqueIdentifier>
    </Filter>
    <Filter Include="Classes">
      <UniqueIdentifier>{5d54a631-cd55-4eb9-bcb4-478d3935bed0}</UniqueIdentifier>
    </Filter>
    <Filter Include="Struct">
      <UniqueIdentifier>{dad661e9-65a6-44c6-af9b-50b79b1ede67}</UniqueIdentifier>
    </Filter>
  </ItemGroup>
</Project>