<?xml version="1.0" encoding="utf-8"?>
<Project ToolsVersion="4.0" xmlns="http://schemas.microsoft.com/developer/msbuild/2003">
  <ItemGroup>
    <ClCompile Include="main.cpp" />
    <ClCompile Include="version1Container.cpp">
      <Filter>Classes</Filter>
    </ClCompile>
    <ClCompile Include="TradeSignalFliterDemo.cpp">
      <Filter>Classes</Filter>
    </ClCompile>
    <ClCompile Include="CloseExecutor_3Level.cpp">
      <Filter>Classes\Executor</Filter>
    </ClCompile>
    <ClCompile Include="OpenLimitExecutor.cpp">
      <Filter>Classes\Executor</Filter>
    </ClCompile>
    <ClCompile Include="TradeAccountContainer.cpp">
      <Filter>Classes\TradeAccount</Filter>
    </ClCompile>
    <ClCompile Include="TradeAccountDemo1.cpp">
      <Filter>Classes\TradeAccount</Filter>
    </ClCompile>
    <ClCompile Include="main_versionLoaderPoster.cpp" />
    <ClCompile Include="OpenFollowExecutor.cpp">
      <Filter>Classes\Executor</Filter>
    </ClCompile>
    <ClCompile Include="OpenMarketexecutor.cpp">
      <Filter>Classes\Executor</Filter>
    </ClCompile>
    <ClCompile Include="IndexContainer.cpp">
      <Filter>Classes\Index_Signal</Filter>
    </ClCompile>
    <ClCompile Include="TradeSignalProducerDemo1.cpp">
      <Filter>Classes\Index_Signal</Filter>
    </ClCompile>
  </ItemGroup>
  <ItemGroup>
    <ClInclude Include="ITradeSignalFliter.h">
      <Filter>interface</Filter>
    </ClInclude>
    <ClInclude Include="ITradeSignalProducer.h">
      <Filter>interface</Filter>
    </ClInclude>
    <ClInclude Include="TradeCommand.h">
      <Filter>Struct</Filter>
    </ClInclude>
    <ClInclude Include="TradeSignal.h">
      <Filter>Struct</Filter>
    </ClInclude>
    <ClInclude Include="version1Container.h">
      <Filter>Classes</Filter>
    </ClInclude>
    <ClInclude Include="ITradeAccount.h">
      <Filter>interface</Filter>
    </ClInclude>
    <ClInclude Include="ITradeAccountObserver.h">
      <Filter>interface</Filter>
    </ClInclude>
    <ClInclude Include="TradeSignalFliterDemo.h">
      <Filter>Classes</Filter>
    </ClInclude>
    <ClInclude Include="CloseExecutor_3Level.h">
      <Filter>Classes\Executor</Filter>
    </ClInclude>
    <ClInclude Include="OpenLimitExecutor.h">
      <Filter>Classes\Executor</Filter>
    </ClInclude>
    <ClInclude Include="ITradeSignalExecutor.h">
      <Filter>Classes\Executor</Filter>
    </ClInclude>
    <ClInclude Include="TradeAccountContainer.h">
      <Filter>Classes\TradeAccount</Filter>
    </ClInclude>
    <ClInclude Include="TradeAccountDemo1.h">
      <Filter>Classes\TradeAccount</Filter>
    </ClInclude>
    <ClInclude Include="main_versionLoaderPoster.h" />
    <ClInclude Include="OpenFollowExecutor.h">
      <Filter>Classes\Executor</Filter>
    </ClInclude>
    <ClInclude Include="OpenMarketexecutor.h">
      <Filter>Classes\Executor</Filter>
    </ClInclude>
    <ClInclude Include="IndexContainer.h">
      <Filter>Classes\Index_Signal</Filter>
    </ClInclude>
    <ClInclude Include="TradeSignalProducerDemo1.h">
      <Filter>Classes\Index_Signal</Filter>
    </ClInclude>
  </ItemGroup>
  <ItemGroup>
    <Filter Include="Classes">
      <UniqueIdentifier>{5d54a631-cd55-4eb9-bcb4-478d3935bed0}</UniqueIdentifier>
    </Filter>
    <Filter Include="Struct">
      <UniqueIdentifier>{dad661e9-65a6-44c6-af9b-50b79b1ede67}</UniqueIdentifier>
    </Filter>
    <Filter Include="interface">
      <UniqueIdentifier>{48061f78-cacb-4ee2-91e1-a72903d3cc74}</UniqueIdentifier>
    </Filter>
    <Filter Include="Classes\Executor">
      <UniqueIdentifier>{f096a966-8fc3-4510-8a8c-7182237d60f2}</UniqueIdentifier>
    </Filter>
    <Filter Include="Classes\TradeAccount">
      <UniqueIdentifier>{0044f8ad-4e85-48e1-80b0-4b9a69e8ad42}</UniqueIdentifier>
    </Filter>
    <Filter Include="config">
      <UniqueIdentifier>{07ade491-e2e8-4091-84d3-b6999422bbbe}</UniqueIdentifier>
    </Filter>
    <Filter Include="config\IndexContainer">
      <UniqueIdentifier>{26972ea9-b4b2-48de-9635-c3751d816321}</UniqueIdentifier>
    </Filter>
    <Filter Include="config\SignalProducer">
      <UniqueIdentifier>{e9f9631f-c0a9-4b43-8050-d2e89917352c}</UniqueIdentifier>
    </Filter>
    <Filter Include="config\Account">
      <UniqueIdentifier>{c5f10114-4898-4e87-a7c5-fd09e13c8cfb}</UniqueIdentifier>
    </Filter>
    <Filter Include="Classes\Index_Signal">
      <UniqueIdentifier>{aca7ead1-d3df-4816-b7ac-8b94e3a8581e}</UniqueIdentifier>
    </Filter>
  </ItemGroup>
  <ItemGroup>
    <Xml Include="CloseExecutorConfig.xml">
      <Filter>config</Filter>
    </Xml>
    <Xml Include="ExchangeRuleConfig.xml">
      <Filter>config</Filter>
    </Xml>
    <Xml Include="OpenExecutorConfig.xml">
      <Filter>config</Filter>
    </Xml>
    <Xml Include="SignalFliter.xml">
      <Filter>config</Filter>
    </Xml>
    <Xml Include="StretegyConfig.xml">
      <Filter>config</Filter>
    </Xml>
    <Xml Include="IndexContainer.xml">
      <Filter>config\IndexContainer</Filter>
    </Xml>
    <Xml Include="TradeSignalProduceRule.xml">
      <Filter>config\SignalProducer</Filter>
    </Xml>
    <Xml Include="AccountFile.xml">
      <Filter>config\Account</Filter>
    </Xml>
    <Xml Include="AccountFile1.xml">
      <Filter>config\Account</Filter>
    </Xml>
    <Xml Include="AccountFile2.xml">
      <Filter>config\Account</Filter>
    </Xml>
    <Xml Include="HKY001_1307.xml">
      <Filter>config\IndexContainer</Filter>
    </Xml>
    <Xml Include="HKY002_1307.xml">
      <Filter>config\IndexContainer</Filter>
    </Xml>
    <Xml Include="HKY003_1307.xml">
      <Filter>config\IndexContainer</Filter>
    </Xml>
    <Xml Include="TradeSignal02_1307.xml">
      <Filter>config\SignalProducer</Filter>
    </Xml>
    <Xml Include="TradeSignal01_1307.xml">
      <Filter>config\SignalProducer</Filter>
    </Xml>
  </ItemGroup>
</Project>