<?xml version="1.0" encoding="utf-8"?>
<Project ToolsVersion="4.0" xmlns="http://schemas.microsoft.com/developer/msbuild/2003">
  <ItemGroup>
    <Filter Include="TD_DataCache">
      <UniqueIdentifier>{bf392002-02b1-4f67-a156-6a9cd65c1ebb}</UniqueIdentifier>
    </Filter>
    <Filter Include="misc">
      <UniqueIdentifier>{f4f251c2-0741-43cc-b657-b95d2b45ea5c}</UniqueIdentifier>
    </Filter>
    <Filter Include="Config">
      <UniqueIdentifier>{68883007-239f-4007-bc60-f7b147d75408}</UniqueIdentifier>
    </Filter>
  </ItemGroup>
  <ItemGroup>
    <ClCompile Include="CTP_TD.cpp" />
    <ClCompile Include="DataCache_CTP_TD.cpp">
      <Filter>TD_DataCache</Filter>
    </ClCompile>
    <ClCompile Include="OrderTable_CTP.cpp">
      <Filter>TD_DataCache</Filter>
    </ClCompile>
    <ClCompile Include="TradeTable_CTP.cpp">
      <Filter>TD_DataCache</Filter>
    </ClCompile>
    <ClCompile Include="InputOrderTable.cpp">
      <Filter>TD_DataCache</Filter>
    </ClCompile>
    <ClCompile Include="PositionTable_CTP.cpp">
      <Filter>TD_DataCache</Filter>
    </ClCompile>
    <ClCompile Include="misc.cpp">
      <Filter>misc</Filter>
    </ClCompile>
    <ClCompile Include="AT_OrderTable.cpp">
      <Filter>TD_DataCache</Filter>
    </ClCompile>
  </ItemGroup>
  <ItemGroup>
    <ClInclude Include="CTP_TD.h" />
    <ClInclude Include="OrderTable_CTP.h">
      <Filter>TD_DataCache</Filter>
    </ClInclude>
    <ClInclude Include="DataCache_CTP_TD.h">
      <Filter>TD_DataCache</Filter>
    </ClInclude>
    <ClInclude Include="TradeTable_CTP.h">
      <Filter>TD_DataCache</Filter>
    </ClInclude>
    <ClInclude Include="InputOrderTable.h">
      <Filter>TD_DataCache</Filter>
    </ClInclude>
    <ClInclude Include="PositionTable_CTP.h">
      <Filter>TD_DataCache</Filter>
    </ClInclude>
    <ClInclude Include="AT_OrderTable.h">
      <Filter>TD_DataCache</Filter>
    </ClInclude>
  </ItemGroup>
  <ItemGroup>
    <Xml Include="TDConfig.xml">
      <Filter>Config</Filter>
    </Xml>
  </ItemGroup>
</Project>