<?xml version="1.0" encoding="utf-8"?>
<Project ToolsVersion="4.0" xmlns="http://schemas.microsoft.com/developer/msbuild/2003">
  <ItemGroup>
    <Filter Include="API">
      <UniqueIdentifier>{5b8398b5-a4b4-4ce0-8090-d956464cf94c}</UniqueIdentifier>
    </Filter>
  </ItemGroup>
  <ItemGroup>
    <ClCompile Include="..\CTP_Driver\CTP_API\include\CTP_API.cpp">
      <Filter>API</Filter>
    </ClCompile>
    <ClCompile Include="CTP_TD.cpp" />
  </ItemGroup>
  <ItemGroup>
    <ClInclude Include="..\CTP_Driver\CTP_API\include\ThostFtdcUserApiDataType.h">
      <Filter>API</Filter>
    </ClInclude>
    <ClInclude Include="..\CTP_Driver\CTP_API\include\CTP_API.h">
      <Filter>API</Filter>
    </ClInclude>
    <ClInclude Include="..\CTP_Driver\CTP_API\include\ThostFtdcMdApi.h">
      <Filter>API</Filter>
    </ClInclude>
    <ClInclude Include="..\CTP_Driver\CTP_API\include\ThostFtdcTraderApi.h">
      <Filter>API</Filter>
    </ClInclude>
    <ClInclude Include="..\CTP_Driver\CTP_API\include\ThostFtdcUserApiStruct.h">
      <Filter>API</Filter>
    </ClInclude>
    <ClInclude Include="CTP_TD.h" />
  </ItemGroup>
</Project>