<?xml version="1.0" encoding="utf-8"?>
<Project ToolsVersion="4.0" xmlns="http://schemas.microsoft.com/developer/msbuild/2003">
  <ItemGroup>
    <Filter Include="Config">
      <UniqueIdentifier>{5a28e0af-51a4-4e21-973f-0e9d37a2e578}</UniqueIdentifier>
    </Filter>
    <Filter Include="misc">
      <UniqueIdentifier>{2c10017b-8063-4445-b0f2-5a4bc57c2c0f}</UniqueIdentifier>
    </Filter>
  </ItemGroup>
  <ItemGroup>
    <ClCompile Include="CTP_MD.cpp" />
    <ClCompile Include="DepthReceiveV2.cpp" />
    <ClCompile Include="misc.cpp">
      <Filter>misc</Filter>
    </ClCompile>
  </ItemGroup>
  <ItemGroup>
    <ClInclude Include="CTP_MD.h" />
    <ClInclude Include="DepthReceiveV2.h" />
  </ItemGroup>
  <ItemGroup>
    <Xml Include="MDConfig.xml">
      <Filter>Config</Filter>
    </Xml>
  </ItemGroup>
</Project>