<?xml version="1.0" encoding="utf-8"?>
<Project ToolsVersion="4.0" xmlns="http://schemas.microsoft.com/developer/msbuild/2003">
  <ItemGroup>
    <Filter Include="API">
      <UniqueIdentifier>{06500a57-9baa-4c75-8ca5-ae0042365428}</UniqueIdentifier>
    </Filter>
  </ItemGroup>
  <ItemGroup>
    <ClCompile Include="..\CTP_Driver\CTP_API\include\CTP_API.cpp">
      <Filter>API</Filter>
    </ClCompile>
    <ClCompile Include="CTP_MD.cpp" />
    <ClCompile Include="StateReceiver.cpp" />
    <ClCompile Include="ExchangeTable_CTP.cpp" />
    <ClCompile Include="ProductTable_CTP.cpp" />
    <ClCompile Include="InstrumentTable_CTP.cpp" />
    <ClCompile Include="DataCacheCTP.cpp" />
    <ClCompile Include="MarketDepthCacheCTP.cpp" />
    <ClCompile Include="DepthReceive.cpp" />
  </ItemGroup>
  <ItemGroup>
    <ClInclude Include="..\CTP_Driver\CTP_API\include\CTP_API.h">
      <Filter>API</Filter>
    </ClInclude>
    <ClInclude Include="..\CTP_Driver\CTP_API\include\ThostFtdcMdApi.h">
      <Filter>API</Filter>
    </ClInclude>
    <ClInclude Include="..\CTP_Driver\CTP_API\include\ThostFtdcTraderApi.h">
      <Filter>API</Filter>
    </ClInclude>
    <ClInclude Include="..\CTP_Driver\CTP_API\include\ThostFtdcUserApiDataType.h">
      <Filter>API</Filter>
    </ClInclude>
    <ClInclude Include="..\CTP_Driver\CTP_API\include\ThostFtdcUserApiStruct.h">
      <Filter>API</Filter>
    </ClInclude>
    <ClInclude Include="CTP_MD.h" />
    <ClInclude Include="StateReceiver.h" />
    <ClInclude Include="ExchangeTable_CTP.h" />
    <ClInclude Include="ProductTable_CTP.h" />
    <ClInclude Include="ItemTable.h" />
    <ClInclude Include="InstrumentTable_CTP.h" />
    <ClInclude Include="DataCacheCTP.h" />
    <ClInclude Include="MarketDepthCacheCTP.h" />
    <ClInclude Include="DepthReceive.h" />
  </ItemGroup>
</Project>