<?xml version="1.0" encoding="utf-8"?>
<Project ToolsVersion="4.0" xmlns="http://schemas.microsoft.com/developer/msbuild/2003">
  <ItemGroup>
    <Filter Include="DataCache">
      <UniqueIdentifier>{e6124384-cbbd-4b63-a217-256439167c6c}</UniqueIdentifier>
    </Filter>
    <Filter Include="Config">
      <UniqueIdentifier>{5a28e0af-51a4-4e21-973f-0e9d37a2e578}</UniqueIdentifier>
    </Filter>
  </ItemGroup>
  <ItemGroup>
    <ClCompile Include="CTP_MD.cpp" />
    <ClCompile Include="StateReceiver.cpp" />
    <ClCompile Include="DepthReceive.cpp" />
    <ClCompile Include="DataCacheCTP.cpp">
      <Filter>DataCache</Filter>
    </ClCompile>
    <ClCompile Include="ExchangeTable_CTP.cpp">
      <Filter>DataCache</Filter>
    </ClCompile>
    <ClCompile Include="InstrumentTable_CTP.cpp">
      <Filter>DataCache</Filter>
    </ClCompile>
    <ClCompile Include="MarketDepthCacheCTP.cpp">
      <Filter>DataCache</Filter>
    </ClCompile>
    <ClCompile Include="ProductTable_CTP.cpp">
      <Filter>DataCache</Filter>
    </ClCompile>
    <ClCompile Include="DepthReceiveV2.cpp" />
  </ItemGroup>
  <ItemGroup>
    <ClInclude Include="CTP_MD.h" />
    <ClInclude Include="StateReceiver.h" />
    <ClInclude Include="DepthReceive.h" />
    <ClInclude Include="DataCacheCTP.h">
      <Filter>DataCache</Filter>
    </ClInclude>
    <ClInclude Include="ExchangeTable_CTP.h">
      <Filter>DataCache</Filter>
    </ClInclude>
    <ClInclude Include="InstrumentTable_CTP.h">
      <Filter>DataCache</Filter>
    </ClInclude>
    <ClInclude Include="MarketDepthCacheCTP.h">
      <Filter>DataCache</Filter>
    </ClInclude>
    <ClInclude Include="ProductTable_CTP.h">
      <Filter>DataCache</Filter>
    </ClInclude>
    <ClInclude Include="DepthReceiveV2.h" />
  </ItemGroup>
  <ItemGroup>
    <Xml Include="MDConfig.xml">
      <Filter>Config</Filter>
    </Xml>
  </ItemGroup>
</Project>